
Microsoft Visual Studio Solution File, Format Version 12.00
# Visual Studio Version 16
VisualStudioVersion = 16.0.30717.126
MinimumVisualStudioVersion = 15.0.26124.0
Project("{FAE04EC0-301F-11D3-BF4B-00C04F79EFBC}") = "Consumer", "Consumer\Consumer.csproj", "{F4181AA9-10B8-4EE5-B8C1-690CB6459D31}"
EndProject
Project("{FAE04EC0-301F-11D3-BF4B-00C04F79EFBC}") = "Producer", "Producer\Producer.csproj", "{8A6CA2EE-511B-441B-9D3E-D9B260A0E5C1}"
EndProject
Global
	GlobalSection(SolutionConfigurationPlatforms) = preSolution
		Debug|Any CPU = Debug|Any CPU
		Release|Any CPU = Release|Any CPU
	EndGlobalSection
	GlobalSection(ProjectConfigurationPlatforms) = postSolution
		{F4181AA9-10B8-4EE5-B8C1-690CB6459D31}.Debug|Any CPU.ActiveCfg = Debug|Any CPU
		{F4181AA9-10B8-4EE5-B8C1-690CB6459D31}.Debug|Any CPU.Build.0 = Debug|Any CPU
		{F4181AA9-10B8-4EE5-B8C1-690CB6459D31}.Release|Any CPU.ActiveCfg = Release|Any CPU
		{F4181AA9-10B8-4EE5-B8C1-690CB6459D31}.Release|Any CPU.Build.0 = Release|Any CPU
		{8A6CA2EE-511B-441B-9D3E-D9B260A0E5C1}.Debug|Any CPU.ActiveCfg = Debug|Any CPU
		{8A6CA2EE-511B-441B-9D3E-D9B260A0E5C1}.Debug|Any CPU.Build.0 = Debug|Any CPU
		{8A6CA2EE-511B-441B-9D3E-D9B260A0E5C1}.Release|Any CPU.ActiveCfg = Release|Any CPU
		{8A6CA2EE-511B-441B-9D3E-D9B260A0E5C1}.Release|Any CPU.Build.0 = Release|Any CPU
	EndGlobalSection
	GlobalSection(SolutionProperties) = preSolution
		HideSolutionNode = FALSE
	EndGlobalSection
	GlobalSection(ExtensibilityGlobals) = postSolution
		SolutionGuid = {7A5CD26D-A9FE-4C2A-8EF7-CC59DC687E19}
	EndGlobalSection
EndGlobal
